{
  "version": 4,
  "terraform_version": "1.1.9",
  "serial": 91,
  "lineage": "8f8f9442-b3ff-684e-c035-7a2f42131e8d",
  "outputs": {
    "name": {
      "value": "sg-0ea7dda6b0e3c557a",
      "type": "string"
    },
    "subnetids": {
      "value": [
        "subnet-0b871a6a37f8386d3",
        "subnet-0e024d19d8129670e"
      ],
      "type": [
        "list",
        "string"
      ]
    }
  },
  "resources": [
    {
      "mode": "data",
      "type": "aws_iam_policy",
      "name": "task_execution",
      "provider": "provider[\"registry.terraform.io/hashicorp/aws\"]",
      "instances": [
        {
          "schema_version": 0,
          "attributes": {
            "arn": "arn:aws:iam::aws:policy/service-role/AmazonECSTaskExecutionRolePolicy",
            "description": "Provides access to other AWS service resources that are required to run Amazon ECS tasks",
            "id": "arn:aws:iam::aws:policy/service-role/AmazonECSTaskExecutionRolePolicy",
            "name": "AmazonECSTaskExecutionRolePolicy",
            "path": "/service-role/",
            "path_prefix": null,
            "policy": "{\n  \"Version\": \"2012-10-17\",\n  \"Statement\": [\n    {\n      \"Effect\": \"Allow\",\n      \"Action\": [\n        \"ecr:GetAuthorizationToken\",\n        \"ecr:BatchCheckLayerAvailability\",\n        \"ecr:GetDownloadUrlForLayer\",\n        \"ecr:BatchGetImage\",\n        \"logs:CreateLogStream\",\n        \"logs:PutLogEvents\"\n      ],\n      \"Resource\": \"*\"\n    }\n  ]\n}",
            "policy_id": "ANPAJG4T4G4PV56DE72PY",
            "tags": {}
          },
          "sensitive_attributes": []
        }
      ]
    },
    {
      "mode": "data",
      "type": "aws_subnets",
      "name": "all",
      "provider": "provider[\"registry.terraform.io/hashicorp/aws\"]",
      "instances": [
        {
          "schema_version": 0,
          "attributes": {
            "filter": [
              {
                "name": "vpc-id",
                "values": [
                  "vpc-0c29c60ca6688a0ba"
                ]
              }
            ],
            "id": "us-east-1",
            "ids": [
              "subnet-0b871a6a37f8386d3",
              "subnet-0e024d19d8129670e"
            ],
            "tags": null
          },
          "sensitive_attributes": []
        }
      ]
    },
    {
      "mode": "data",
      "type": "aws_vpc",
      "name": "custom",
      "provider": "provider[\"registry.terraform.io/hashicorp/aws\"]",
      "instances": [
        {
          "schema_version": 0,
          "attributes": {
            "arn": "arn:aws:ec2:us-east-1:388352013833:vpc/vpc-0c29c60ca6688a0ba",
            "cidr_block": "192.168.0.0/16",
            "cidr_block_associations": [
              {
                "association_id": "vpc-cidr-assoc-090711692d5de63e7",
                "cidr_block": "192.168.0.0/16",
                "state": "associated"
              }
            ],
            "default": false,
            "dhcp_options_id": "dopt-f9478c83",
            "enable_dns_hostnames": false,
            "enable_dns_support": true,
            "filter": null,
            "id": "vpc-0c29c60ca6688a0ba",
            "instance_tenancy": "default",
            "ipv6_association_id": "",
            "ipv6_cidr_block": "",
            "main_route_table_id": "rtb-01a4bdf349d449899",
            "owner_id": "388352013833",
            "state": null,
            "tags": {
              "Name": "my-test-vpc"
            }
          },
          "sensitive_attributes": []
        }
      ]
    },
    {
      "mode": "data",
      "type": "template_file",
      "name": "definition",
      "provider": "provider[\"registry.terraform.io/hashicorp/template\"]",
      "instances": [
        {
          "schema_version": 0,
          "attributes": {
            "filename": null,
            "id": "47000d73bf316de5c2619f3ba5edfa2e98fcb7d33423e06b70a598066e54b15a",
            "rendered": "[\n    {\n      \"name\": \"terraform-example\",\n      \"image\": \"388352013833.dkr.ecr.us-east-1.amazonaws.com/ecs-scheduled-job:latest\",\n      \"cpu\": 64,\n      \"memory\": 256,\n      \"memoryReservation\": 128,\n      \"essential\": true,\n      \"logConfiguration\": {\n        \"logDriver\": \"awslogs\",\n        \"Options\": {\n          \"awslogs-region\": \"us-east-1\",\n          \"awslogs-group\": \"test-service-name-20220511085402677600000002\",\n          \"awslogs-stream-prefix\": \"terraform-example\"\n        }\n      }\n    }\n  ]",
            "template": "[\n    {\n      \"name\": \"${definition_name}\",\n      \"image\": \"${image_tag}\",\n      \"cpu\": 64,\n      \"memory\": 256,\n      \"memoryReservation\": 128,\n      \"essential\": true,\n      \"logConfiguration\": {\n        \"logDriver\": \"awslogs\",\n        \"Options\": {\n          \"awslogs-region\": \"${region}\",\n          \"awslogs-group\": \"${log_group}\",\n          \"awslogs-stream-prefix\": \"${definition_name}\"\n        }\n      }\n    }\n  ]",
            "vars": {
              "definition_name": "terraform-example",
              "image_tag": "388352013833.dkr.ecr.us-east-1.amazonaws.com/ecs-scheduled-job:latest",
              "log_group": "test-service-name-20220511085402677600000002",
              "region": "us-east-1"
            }
          },
          "sensitive_attributes": []
        }
      ]
    },
    {
      "mode": "managed",
      "type": "aws_cloudwatch_event_rule",
      "name": "scheduled_task",
      "provider": "provider[\"registry.terraform.io/hashicorp/aws\"]",
      "instances": [
        {
          "schema_version": 0,
          "attributes": {
            "arn": "arn:aws:events:us-east-1:388352013833:rule/scheduled-ecs-event-rule",
            "description": "",
            "event_bus_name": "default",
            "event_pattern": null,
            "id": "scheduled-ecs-event-rule",
            "is_enabled": true,
            "name": "scheduled-ecs-event-rule",
            "name_prefix": "",
            "role_arn": "",
            "schedule_expression": "rate(5 minutes)",
            "tags": {},
            "tags_all": {}
          },
          "sensitive_attributes": [],
          "private": "bnVsbA=="
        }
      ]
    },
    {
      "mode": "managed",
      "type": "aws_cloudwatch_event_target",
      "name": "scheduled_task",
      "provider": "provider[\"registry.terraform.io/hashicorp/aws\"]",
      "instances": [
        {
          "schema_version": 1,
          "attributes": {
            "arn": "arn:aws:ecs:us-east-1:388352013833:cluster/terraform-example-cluster",
            "batch_target": [],
            "dead_letter_config": [],
            "ecs_target": [
              {
                "enable_ecs_managed_tags": false,
                "enable_execute_command": false,
                "group": "",
                "launch_type": "FARGATE",
                "network_configuration": [
                  {
                    "assign_public_ip": true,
                    "security_groups": [
                      "sg-0ea7dda6b0e3c557a"
                    ],
                    "subnets": [
                      "subnet-0b871a6a37f8386d3",
                      "subnet-0e024d19d8129670e"
                    ]
                  }
                ],
                "placement_constraint": [],
                "platform_version": "",
                "propagate_tags": "TASK_DEFINITION",
                "tags": null,
                "task_count": 1,
                "task_definition_arn": "arn:aws:ecs:us-east-1:388352013833:task-definition/terraform-example:3"
              }
            ],
            "event_bus_name": "default",
            "http_target": [],
            "id": "scheduled-ecs-event-rule-test-service-name-target",
            "input": "",
            "input_path": "",
            "input_transformer": [],
            "kinesis_target": [],
            "redshift_target": [],
            "retry_policy": [],
            "role_arn": "arn:aws:iam::388352013833:role/test-service-name-cloudwatch-role",
            "rule": "scheduled-ecs-event-rule",
            "run_command_targets": [],
            "sqs_target": [],
            "target_id": "test-service-name-target"
          },
          "sensitive_attributes": [],
          "private": "eyJzY2hlbWFfdmVyc2lvbiI6IjEifQ==",
          "dependencies": [
            "aws_cloudwatch_event_rule.scheduled_task",
            "aws_ecs_cluster.cluster",
            "aws_ecs_task_definition.definition",
            "aws_iam_role.scheduled_task_cloudwatch",
            "aws_iam_role.service_role",
            "aws_iam_role.task_role",
            "aws_security_group.ecs",
            "data.aws_subnets.all",
            "data.template_file.definition"
          ]
        }
      ]
    },
    {
      "mode": "managed",
      "type": "aws_cloudwatch_log_group",
      "name": "task_log_group",
      "provider": "provider[\"registry.terraform.io/hashicorp/aws\"]",
      "instances": [
        {
          "schema_version": 0,
          "attributes": {
            "arn": "arn:aws:logs:us-east-1:388352013833:log-group:test-service-name-20220511085402677600000002",
            "id": "test-service-name-20220511085402677600000002",
            "kms_key_id": "",
            "name": "test-service-name-20220511085402677600000002",
            "name_prefix": "test-service-name-",
            "retention_in_days": 1,
            "tags": {},
            "tags_all": {}
          },
          "sensitive_attributes": [],
          "private": "bnVsbA=="
        }
      ]
    },
    {
      "mode": "managed",
      "type": "aws_ecs_cluster",
      "name": "cluster",
      "provider": "provider[\"registry.terraform.io/hashicorp/aws\"]",
      "instances": [
        {
          "schema_version": 0,
          "attributes": {
            "arn": "arn:aws:ecs:us-east-1:388352013833:cluster/terraform-example-cluster",
            "capacity_providers": [],
            "configuration": [],
            "default_capacity_provider_strategy": [],
            "id": "arn:aws:ecs:us-east-1:388352013833:cluster/terraform-example-cluster",
            "name": "terraform-example-cluster",
            "setting": [
              {
                "name": "containerInsights",
                "value": "disabled"
              }
            ],
            "tags": null,
            "tags_all": {}
          },
          "sensitive_attributes": [],
          "private": "bnVsbA=="
        }
      ]
    },
    {
      "mode": "managed",
      "type": "aws_ecs_service",
      "name": "service",
      "provider": "provider[\"registry.terraform.io/hashicorp/aws\"]",
      "instances": [
        {
          "schema_version": 0,
          "attributes": {
            "capacity_provider_strategy": [],
            "cluster": "arn:aws:ecs:us-east-1:388352013833:cluster/terraform-example-cluster",
            "deployment_circuit_breaker": [
              {
                "enable": false,
                "rollback": false
              }
            ],
            "deployment_controller": [
              {
                "type": "ECS"
              }
            ],
            "deployment_maximum_percent": 200,
            "deployment_minimum_healthy_percent": 100,
            "desired_count": 0,
            "enable_ecs_managed_tags": false,
            "enable_execute_command": false,
            "force_new_deployment": null,
            "health_check_grace_period_seconds": 0,
            "iam_role": "aws-service-role",
            "id": "arn:aws:ecs:us-east-1:388352013833:service/terraform-example-cluster/terraform-example-service",
            "launch_type": "FARGATE",
            "load_balancer": [],
            "name": "terraform-example-service",
            "network_configuration": [
              {
                "assign_public_ip": true,
                "security_groups": [
                  "sg-0ea7dda6b0e3c557a"
                ],
                "subnets": [
                  "subnet-0b871a6a37f8386d3",
                  "subnet-0e024d19d8129670e"
                ]
              }
            ],
            "ordered_placement_strategy": [],
            "placement_constraints": [],
            "platform_version": "LATEST",
            "propagate_tags": "NONE",
            "scheduling_strategy": "REPLICA",
            "service_registries": [],
            "tags": null,
            "tags_all": {},
            "task_definition": "arn:aws:ecs:us-east-1:388352013833:task-definition/terraform-example:3",
            "timeouts": null,
            "wait_for_steady_state": false
          },
          "sensitive_attributes": [],
          "private": "eyJlMmJmYjczMC1lY2FhLTExZTYtOGY4OC0zNDM2M2JjN2M0YzAiOnsiZGVsZXRlIjoxMjAwMDAwMDAwMDAwfX0=",
          "dependencies": [
            "aws_ecs_cluster.cluster",
            "aws_ecs_task_definition.definition",
            "aws_iam_role.service_role",
            "aws_iam_role.task_role",
            "aws_security_group.ecs",
            "data.aws_subnets.all",
            "data.template_file.definition"
          ]
        }
      ]
    },
    {
      "mode": "managed",
      "type": "aws_ecs_task_definition",
      "name": "definition",
      "provider": "provider[\"registry.terraform.io/hashicorp/aws\"]",
      "instances": [
        {
          "schema_version": 1,
          "attributes": {
            "arn": "arn:aws:ecs:us-east-1:388352013833:task-definition/terraform-example:3",
            "container_definitions": "[{\"cpu\":64,\"environment\":[],\"essential\":true,\"image\":\"388352013833.dkr.ecr.us-east-1.amazonaws.com/ecs-scheduled-job:latest\",\"logConfiguration\":{\"logDriver\":\"awslogs\",\"options\":{\"awslogs-group\":\"test-service-name-20220511085402677600000002\",\"awslogs-region\":\"us-east-1\",\"awslogs-stream-prefix\":\"terraform-example\"}},\"memory\":256,\"memoryReservation\":128,\"mountPoints\":[],\"name\":\"terraform-example\",\"portMappings\":[],\"volumesFrom\":[]}]",
            "cpu": "512",
            "ephemeral_storage": [],
            "execution_role_arn": "arn:aws:iam::388352013833:role/service_role_20220511085813389000000001",
            "family": "terraform-example",
            "id": "terraform-example",
            "inference_accelerator": [],
            "ipc_mode": "",
            "memory": "1024",
            "network_mode": "awsvpc",
            "pid_mode": "",
            "placement_constraints": [],
            "proxy_configuration": [],
            "requires_compatibilities": [
              "FARGATE"
            ],
            "revision": 3,
            "runtime_platform": [],
            "skip_destroy": false,
            "tags": null,
            "tags_all": {},
            "task_role_arn": "arn:aws:iam::388352013833:role/task_role_20220511085402678100000003",
            "volume": []
          },
          "sensitive_attributes": [],
          "private": "eyJzY2hlbWFfdmVyc2lvbiI6IjEifQ==",
          "dependencies": [
            "aws_iam_role.service_role",
            "aws_iam_role.task_role",
            "data.template_file.definition"
          ]
        }
      ]
    },
    {
      "mode": "managed",
      "type": "aws_iam_role",
      "name": "scheduled_task_cloudwatch",
      "provider": "provider[\"registry.terraform.io/hashicorp/aws\"]",
      "instances": [
        {
          "schema_version": 0,
          "attributes": {
            "arn": "arn:aws:iam::388352013833:role/test-service-name-cloudwatch-role",
            "assume_role_policy": "{\"Version\":\"2012-10-17\",\"Statement\":[{\"Sid\":\"\",\"Effect\":\"Allow\",\"Principal\":{\"Service\":\"events.amazonaws.com\"},\"Action\":\"sts:AssumeRole\"}]}",
            "create_date": "2022-05-11T08:54:03Z",
            "description": "",
            "force_detach_policies": false,
            "id": "test-service-name-cloudwatch-role",
            "inline_policy": [
              {
                "name": "",
                "policy": ""
              }
            ],
            "managed_policy_arns": [],
            "max_session_duration": 3600,
            "name": "test-service-name-cloudwatch-role",
            "name_prefix": "",
            "path": "/",
            "permissions_boundary": null,
            "tags": {},
            "tags_all": {},
            "unique_id": "AROAVU24VOYEXRMGDN5A4"
          },
          "sensitive_attributes": [],
          "private": "bnVsbA=="
        }
      ]
    },
    {
      "mode": "managed",
      "type": "aws_iam_role",
      "name": "service_role",
      "provider": "provider[\"registry.terraform.io/hashicorp/aws\"]",
      "instances": [
        {
          "schema_version": 0,
          "attributes": {
            "arn": "arn:aws:iam::388352013833:role/service_role_20220511085813389000000001",
            "assume_role_policy": "{\"Version\":\"2012-10-17\",\"Statement\":[{\"Effect\":\"Allow\",\"Principal\":{\"Service\":\"ecs-tasks.amazonaws.com\"},\"Action\":\"sts:AssumeRole\"}]}",
            "create_date": "2022-05-11T08:58:14Z",
            "description": "",
            "force_detach_policies": false,
            "id": "service_role_20220511085813389000000001",
            "inline_policy": [
              {
                "name": "",
                "policy": ""
              }
            ],
            "managed_policy_arns": [],
            "max_session_duration": 3600,
            "name": "service_role_20220511085813389000000001",
            "name_prefix": "service_role_",
            "path": "/",
            "permissions_boundary": null,
            "tags": null,
            "tags_all": {},
            "unique_id": "AROAVU24VOYEUXMVMUZ4U"
          },
          "sensitive_attributes": [],
          "private": "bnVsbA=="
        }
      ]
    },
    {
      "mode": "managed",
      "type": "aws_iam_role",
      "name": "task_role",
      "provider": "provider[\"registry.terraform.io/hashicorp/aws\"]",
      "instances": [
        {
          "schema_version": 0,
          "attributes": {
            "arn": "arn:aws:iam::388352013833:role/task_role_20220511085402678100000003",
            "assume_role_policy": "{\"Version\":\"2012-10-17\",\"Statement\":[{\"Effect\":\"Allow\",\"Principal\":{\"Service\":\"ecs-tasks.amazonaws.com\"},\"Action\":\"sts:AssumeRole\"}]}",
            "create_date": "2022-05-11T08:54:03Z",
            "description": "",
            "force_detach_policies": false,
            "id": "task_role_20220511085402678100000003",
            "inline_policy": [
              {
                "name": "",
                "policy": ""
              }
            ],
            "managed_policy_arns": [],
            "max_session_duration": 3600,
            "name": "task_role_20220511085402678100000003",
            "name_prefix": "task_role_",
            "path": "/",
            "permissions_boundary": null,
            "tags": {},
            "tags_all": {},
            "unique_id": "AROAVU24VOYEZSUMUSDPV"
          },
          "sensitive_attributes": [],
          "private": "bnVsbA=="
        }
      ]
    },
    {
      "mode": "managed",
      "type": "aws_iam_role_policy",
      "name": "ecs_execution",
      "provider": "provider[\"registry.terraform.io/hashicorp/aws\"]",
      "instances": [
        {
          "schema_version": 0,
          "attributes": {
            "id": "service_role_20220511085813389000000001:AmazonECSTaskExecutionRolePolicy",
            "name": "AmazonECSTaskExecutionRolePolicy",
            "name_prefix": null,
            "policy": "{\n  \"Version\": \"2012-10-17\",\n  \"Statement\": [\n    {\n      \"Effect\": \"Allow\",\n      \"Action\": [\n        \"ecr:GetAuthorizationToken\",\n        \"ecr:BatchCheckLayerAvailability\",\n        \"ecr:GetDownloadUrlForLayer\",\n        \"ecr:BatchGetImage\",\n        \"logs:CreateLogStream\",\n        \"logs:PutLogEvents\"\n      ],\n      \"Resource\": \"*\"\n    }\n  ]\n}",
            "role": "service_role_20220511085813389000000001"
          },
          "sensitive_attributes": [],
          "private": "bnVsbA==",
          "dependencies": [
            "aws_iam_role.service_role",
            "data.aws_iam_policy.task_execution"
          ]
        }
      ]
    },
    {
      "mode": "managed",
      "type": "aws_iam_role_policy",
      "name": "scheduled_task_cloudwatch_policy",
      "provider": "provider[\"registry.terraform.io/hashicorp/aws\"]",
      "instances": [
        {
          "schema_version": 0,
          "attributes": {
            "id": "test-service-name-cloudwatch-role:test-service-name-cloudwatch-policy",
            "name": "test-service-name-cloudwatch-policy",
            "name_prefix": null,
            "policy": "{\n  \"Version\": \"2012-10-17\",\n  \"Statement\": [\n    {\n      \"Effect\": \"Allow\",\n      \"Action\": [\n        \"ecs:RunTask\"\n      ],\n      \"Resource\": [\n        \"arn:aws:ecs:us-east-1:388352013833:task-definition/terraform-example:*\"\n      ]\n    },\n    {\n      \"Effect\": \"Allow\",\n      \"Action\": \"iam:PassRole\",\n      \"Resource\": [\n        \"*\"\n      ]\n    }\n  ]\n}\n",
            "role": "test-service-name-cloudwatch-role"
          },
          "sensitive_attributes": [],
          "private": "bnVsbA==",
          "dependencies": [
            "aws_ecs_task_definition.definition",
            "aws_iam_role.scheduled_task_cloudwatch",
            "aws_iam_role.service_role",
            "aws_iam_role.task_role",
            "data.template_file.definition"
          ]
        }
      ]
    },
    {
      "mode": "managed",
      "type": "aws_iam_role_policy",
      "name": "task_execution",
      "provider": "provider[\"registry.terraform.io/hashicorp/aws\"]",
      "instances": [
        {
          "schema_version": 0,
          "attributes": {
            "id": "task_role_20220511085402678100000003:AmazonECSTaskExecutionRolePolicy",
            "name": "AmazonECSTaskExecutionRolePolicy",
            "name_prefix": null,
            "policy": "{\n  \"Version\": \"2012-10-17\",\n  \"Statement\": [\n    {\n      \"Effect\": \"Allow\",\n      \"Action\": [\n        \"ecr:GetAuthorizationToken\",\n        \"ecr:BatchCheckLayerAvailability\",\n        \"ecr:GetDownloadUrlForLayer\",\n        \"ecr:BatchGetImage\",\n        \"logs:CreateLogStream\",\n        \"logs:PutLogEvents\"\n      ],\n      \"Resource\": \"*\"\n    }\n  ]\n}",
            "role": "task_role_20220511085402678100000003"
          },
          "sensitive_attributes": [],
          "private": "bnVsbA==",
          "dependencies": [
            "aws_iam_role.task_role",
            "data.aws_iam_policy.task_execution"
          ]
        }
      ]
    },
    {
      "mode": "managed",
      "type": "aws_security_group",
      "name": "ecs",
      "provider": "provider[\"registry.terraform.io/hashicorp/aws\"]",
      "instances": [
        {
          "schema_version": 1,
          "attributes": {
            "arn": "arn:aws:ec2:us-east-1:388352013833:security-group/sg-0ea7dda6b0e3c557a",
            "description": "Managed by Terraform",
            "egress": [
              {
                "cidr_blocks": [
                  "0.0.0.0/0"
                ],
                "description": "All outbound traffic",
                "from_port": 0,
                "ipv6_cidr_blocks": [],
                "prefix_list_ids": [],
                "protocol": "-1",
                "security_groups": [],
                "self": false,
                "to_port": 0
              }
            ],
            "id": "sg-0ea7dda6b0e3c557a",
            "ingress": [],
            "name": "terraform-20220511085813390700000002",
            "name_prefix": "terraform-",
            "owner_id": "388352013833",
            "revoke_rules_on_delete": false,
            "tags": null,
            "tags_all": {},
            "timeouts": null,
            "vpc_id": "vpc-0c29c60ca6688a0ba"
          },
          "sensitive_attributes": [],
          "private": "eyJlMmJmYjczMC1lY2FhLTExZTYtOGY4OC0zNDM2M2JjN2M0YzAiOnsiY3JlYXRlIjo2MDAwMDAwMDAwMDAsImRlbGV0ZSI6OTAwMDAwMDAwMDAwfSwic2NoZW1hX3ZlcnNpb24iOiIxIn0="
        }
      ]
    }
  ]
}
